
Microsoft Visual Studio Solution File, Format Version 12.00
# Visual Studio 14
VisualStudioVersion = 14.0.24720.0
MinimumVisualStudioVersion = 10.0.40219.1
Project("{2150E333-8FDC-42A3-9474-1A3956D46DE8}") = "src", "src", "{AAA21C57-83F6-40A6-9349-3DBA5280D0D7}"
EndProject
Project("{2150E333-8FDC-42A3-9474-1A3956D46DE8}") = "Solution Items", "Solution Items", "{51070C08-BECC-491C-BD1B-73EA33386818}"
	ProjectSection(SolutionItems) = preProject
		docker-compose.yml = docker-compose.yml
		Dockerfile = Dockerfile
		global.json = global.json
	EndProjectSection
EndProject
Project("{8BB2217D-0F2D-49D1-97BC-3654ED321F3B}") = "Service1", "src\Service1\Service1.xproj", "{F5D753A3-3AF5-43BB-B49B-BE97D1591AEC}"
EndProject
Project("{8BB2217D-0F2D-49D1-97BC-3654ED321F3B}") = "Api", "src\Api\Api.xproj", "{ECA3EC56-4BAA-42E6-A84A-14633EE6BD73}"
EndProject
Global
	GlobalSection(SolutionConfigurationPlatforms) = preSolution
		Debug|Any CPU = Debug|Any CPU
		Release|Any CPU = Release|Any CPU
	EndGlobalSection
	GlobalSection(ProjectConfigurationPlatforms) = postSolution
		{F5D753A3-3AF5-43BB-B49B-BE97D1591AEC}.Debug|Any CPU.ActiveCfg = Debug|Any CPU
		{F5D753A3-3AF5-43BB-B49B-BE97D1591AEC}.Debug|Any CPU.Build.0 = Debug|Any CPU
		{F5D753A3-3AF5-43BB-B49B-BE97D1591AEC}.Release|Any CPU.ActiveCfg = Release|Any CPU
		{F5D753A3-3AF5-43BB-B49B-BE97D1591AEC}.Release|Any CPU.Build.0 = Release|Any CPU
		{ECA3EC56-4BAA-42E6-A84A-14633EE6BD73}.Debug|Any CPU.ActiveCfg = Debug|Any CPU
		{ECA3EC56-4BAA-42E6-A84A-14633EE6BD73}.Debug|Any CPU.Build.0 = Debug|Any CPU
		{ECA3EC56-4BAA-42E6-A84A-14633EE6BD73}.Release|Any CPU.ActiveCfg = Release|Any CPU
		{ECA3EC56-4BAA-42E6-A84A-14633EE6BD73}.Release|Any CPU.Build.0 = Release|Any CPU
	EndGlobalSection
	GlobalSection(SolutionProperties) = preSolution
		HideSolutionNode = FALSE
	EndGlobalSection
	GlobalSection(NestedProjects) = preSolution
		{F5D753A3-3AF5-43BB-B49B-BE97D1591AEC} = {AAA21C57-83F6-40A6-9349-3DBA5280D0D7}
		{ECA3EC56-4BAA-42E6-A84A-14633EE6BD73} = {AAA21C57-83F6-40A6-9349-3DBA5280D0D7}
	EndGlobalSection
EndGlobal
